
Microsoft Visual Studio Solution File, Format Version 12.00
# Visual Studio Version 16
VisualStudioVersion = 16.0.30114.105
MinimumVisualStudioVersion = 10.0.40219.1
Project("{2150E333-8FDC-42A3-9474-1A3956D46DE8}") = "src", "src", "{23343F62-0D63-4F61-95B0-35F11EDC975A}"
EndProject
Project("{FAE04EC0-301F-11D3-BF4B-00C04F79EFBC}") = "console-app", "src\console-app\console-app.csproj", "{D4EDC058-5545-431C-9B0E-B6B896D80318}"
EndProject
Global
	GlobalSection(SolutionConfigurationPlatforms) = preSolution
		Debug|Any CPU = Debug|Any CPU
		Release|Any CPU = Release|Any CPU
	EndGlobalSection
	GlobalSection(SolutionProperties) = preSolution
		HideSolutionNode = FALSE
	EndGlobalSection
	GlobalSection(ProjectConfigurationPlatforms) = postSolution
		{D4EDC058-5545-431C-9B0E-B6B896D80318}.Debug|Any CPU.ActiveCfg = Debug|Any CPU
		{D4EDC058-5545-431C-9B0E-B6B896D80318}.Debug|Any CPU.Build.0 = Debug|Any CPU
		{D4EDC058-5545-431C-9B0E-B6B896D80318}.Release|Any CPU.ActiveCfg = Release|Any CPU
		{D4EDC058-5545-431C-9B0E-B6B896D80318}.Release|Any CPU.Build.0 = Release|Any CPU
	EndGlobalSection
	GlobalSection(NestedProjects) = preSolution
		{D4EDC058-5545-431C-9B0E-B6B896D80318} = {23343F62-0D63-4F61-95B0-35F11EDC975A}
	EndGlobalSection
EndGlobal
